<?xml version="1.0" encoding="utf-8"?>
<Project ToolsVersion="4.0" xmlns="http://schemas.microsoft.com/developer/msbuild/2003">
  <ItemGroup>
    <Filter Include="Source Files">
      <UniqueIdentifier>{4FC737F1-C7A5-4376-A066-2A32D752A2FF}</UniqueIdentifier>
      <Extensions>cpp;c;cc;cxx;c++;cppm;ixx;def;odl;idl;hpj;bat;asm;asmx</Extensions>
    </Filter>
    <Filter Include="Header Files">
      <UniqueIdentifier>{93995380-89BD-4b04-88EB-625FBE52EBFB}</UniqueIdentifier>
      <Extensions>h;hh;hpp;hxx;h++;hm;inl;inc;ipp;xsd</Extensions>
    </Filter>
    <Filter Include="Resource Files">
      <UniqueIdentifier>{67DA6AB6-F800-4c08-8B7A-83BB121AAD01}</UniqueIdentifier>
      <Extensions>rc;ico;cur;bmp;dlg;rc2;rct;bin;rgs;gif;jpg;jpeg;jpe;resx;tiff;tif;png;wav;mfcribbon-ms</Extensions>
    </Filter>
    <Filter Include="Shader Files">
      <UniqueIdentifier>{40381710-ecda-49d3-9091-fdad2960a4a0}</UniqueIdentifier>
    </Filter>
    <Filter Include="Header Files\Framework">
      <UniqueIdentifier>{f8873361-b8bc-4836-bdad-dc9ebfb96c48}</UniqueIdentifier>
    </Filter>
    <Filter Include="Source Files\Framework">
      <UniqueIdentifier>{32360de6-f694-46d1-92e2-4fd48324c2b4}</UniqueIdentifier>
    </Filter>
  </ItemGroup>
  <ItemGroup>
    <ClCompile Include="source\Main.cpp">
      <Filter>Source Files</Filter>
    </ClCompile>
    <ClCompile Include="source\Framework\Camera.cpp">
      <Filter>Source Files\Framework</Filter>
    </ClCompile>
    <ClCompile Include="source\Framework\Collision.cpp">
      <Filter>Source Files\Framework</Filter>
    </ClCompile>
    <ClCompile Include="source\Framework\GfxDevice.cpp">
      <Filter>Source Files\Framework</Filter>
    </ClCompile>
    <ClCompile Include="source\Framework\Math.cpp">
      <Filter>Source Files\Framework</Filter>
    </ClCompile>
    <ClCompile Include="source\Framework\Model.cpp">
      <Filter>Source Files\Framework</Filter>
    </ClCompile>
    <ClCompile Include="source\Framework\Shader.cpp">
      <Filter>Source Files\Framework</Filter>
    </ClCompile>
    <ClCompile Include="source\Framework\Texture.cpp">
      <Filter>Source Files\Framework</Filter>
    </ClCompile>
    <ClCompile Include="source\Framework\Transform.cpp">
      <Filter>Source Files\Framework</Filter>
    </ClCompile>
  </ItemGroup>
  <ItemGroup>
    <FxCompile Include="source\shaders\default_vs.hlsl">
      <Filter>Shader Files</Filter>
    </FxCompile>
    <FxCompile Include="source\shaders\default_ps.hlsl">
      <Filter>Shader Files</Filter>
    </FxCompile>
    <FxCompile Include="source\shaders\screen_vs.hlsl">
      <Filter>Shader Files</Filter>
    </FxCompile>
    <FxCompile Include="source\shaders\screen_ps.hlsl">
      <Filter>Shader Files</Filter>
    </FxCompile>
  </ItemGroup>
  <ItemGroup>
    <ClInclude Include="source\Framework\Camera.h">
      <Filter>Header Files\Framework</Filter>
    </ClInclude>
    <ClInclude Include="source\Framework\Collision.h">
      <Filter>Header Files\Framework</Filter>
    </ClInclude>
    <ClInclude Include="source\Framework\GfxDevice.h">
      <Filter>Header Files\Framework</Filter>
    </ClInclude>
    <ClInclude Include="source\Framework\Math.h">
      <Filter>Header Files\Framework</Filter>
    </ClInclude>
    <ClInclude Include="source\Framework\Model.h">
      <Filter>Header Files\Framework</Filter>
    </ClInclude>
    <ClInclude Include="source\Framework\Shader.h">
      <Filter>Header Files\Framework</Filter>
    </ClInclude>
    <ClInclude Include="source\Framework\Texture.h">
      <Filter>Header Files\Framework</Filter>
    </ClInclude>
    <ClInclude Include="source\Framework\Transform.h">
      <Filter>Header Files\Framework</Filter>
    </ClInclude>
  </ItemGroup>
</Project>